
Microsoft Visual Studio Solution File, Format Version 12.00
# Visual Studio Version 17
VisualStudioVersion = 17.1.32407.343
MinimumVisualStudioVersion = 10.0.40219.1
Project("{FAE04EC0-301F-11D3-BF4B-00C04F79EFBC}") = "BoxingUnBoxing", "BoxingUnBoxing.csproj", "{0799F480-2CD0-4510-AB34-E2FFAE04DEA7}"
EndProject
Global
	GlobalSection(SolutionConfigurationPlatforms) = preSolution
		Debug|Any CPU = Debug|Any CPU
		Release|Any CPU = Release|Any CPU
	EndGlobalSection
	GlobalSection(ProjectConfigurationPlatforms) = postSolution
		{0799F480-2CD0-4510-AB34-E2FFAE04DEA7}.Debug|Any CPU.ActiveCfg = Debug|Any CPU
		{0799F480-2CD0-4510-AB34-E2FFAE04DEA7}.Debug|Any CPU.Build.0 = Debug|Any CPU
		{0799F480-2CD0-4510-AB34-E2FFAE04DEA7}.Release|Any CPU.ActiveCfg = Release|Any CPU
		{0799F480-2CD0-4510-AB34-E2FFAE04DEA7}.Release|Any CPU.Build.0 = Release|Any CPU
	EndGlobalSection
	GlobalSection(SolutionProperties) = preSolution
		HideSolutionNode = FALSE
	EndGlobalSection
	GlobalSection(ExtensibilityGlobals) = postSolution
		SolutionGuid = {7AFCAD08-BACA-4F0F-8BC2-9F617F2D9D77}
	EndGlobalSection
EndGlobal
